
Microsoft Visual Studio Solution File, Format Version 12.00
# Visual Studio Version 16
VisualStudioVersion = 16.0.29020.237
MinimumVisualStudioVersion = 10.0.40219.1
Project("{FAE04EC0-301F-11D3-BF4B-00C04F79EFBC}") = "ConsoleApp1", "ConsoleApp1\ConsoleApp1.csproj", "{A8AACA15-DFA4-4849-99D5-623DED5D5BFF}"
EndProject
Global
	GlobalSection(SolutionConfigurationPlatforms) = preSolution
		Debug|Any CPU = Debug|Any CPU
		Release|Any CPU = Release|Any CPU
	EndGlobalSection
	GlobalSection(ProjectConfigurationPlatforms) = postSolution
		{A8AACA15-DFA4-4849-99D5-623DED5D5BFF}.Debug|Any CPU.ActiveCfg = Debug|Any CPU
		{A8AACA15-DFA4-4849-99D5-623DED5D5BFF}.Debug|Any CPU.Build.0 = Debug|Any CPU
		{A8AACA15-DFA4-4849-99D5-623DED5D5BFF}.Release|Any CPU.ActiveCfg = Release|Any CPU
		{A8AACA15-DFA4-4849-99D5-623DED5D5BFF}.Release|Any CPU.Build.0 = Release|Any CPU
	EndGlobalSection
	GlobalSection(SolutionProperties) = preSolution
		HideSolutionNode = FALSE
	EndGlobalSection
	GlobalSection(ExtensibilityGlobals) = postSolution
		SolutionGuid = {2112DC0D-E68A-402A-8891-0AF3E35DDAF7}
	EndGlobalSection
EndGlobal
